
Microsoft Visual Studio Solution File, Format Version 12.00
# Visual Studio Version 17
VisualStudioVersion = 17.1.32210.238
MinimumVisualStudioVersion = 10.0.40219.1
Project("{9A19103F-16F7-4668-BE54-9A1E7A4F7556}") = "XiugouChatHub", "XiugouChatHub.csproj", "{1AFB687B-B4F6-4F7F-8387-6DAA1F36BD7A}"
EndProject
Project("{9A19103F-16F7-4668-BE54-9A1E7A4F7556}") = "Xiugou.Entities", "..\..\Assemblies\Xiugou.Entities\Xiugou.Entities.csproj", "{D3C1B7FE-E5C4-4E77-A222-2C3EBB46D6C1}"
EndProject
Global
	GlobalSection(SolutionConfigurationPlatforms) = preSolution
		Debug|Any CPU = Debug|Any CPU
		Release|Any CPU = Release|Any CPU
	EndGlobalSection
	GlobalSection(ProjectConfigurationPlatforms) = postSolution
		{1AFB687B-B4F6-4F7F-8387-6DAA1F36BD7A}.Debug|Any CPU.ActiveCfg = Debug|Any CPU
		{1AFB687B-B4F6-4F7F-8387-6DAA1F36BD7A}.Debug|Any CPU.Build.0 = Debug|Any CPU
		{1AFB687B-B4F6-4F7F-8387-6DAA1F36BD7A}.Release|Any CPU.ActiveCfg = Release|Any CPU
		{1AFB687B-B4F6-4F7F-8387-6DAA1F36BD7A}.Release|Any CPU.Build.0 = Release|Any CPU
		{D3C1B7FE-E5C4-4E77-A222-2C3EBB46D6C1}.Debug|Any CPU.ActiveCfg = Debug|Any CPU
		{D3C1B7FE-E5C4-4E77-A222-2C3EBB46D6C1}.Debug|Any CPU.Build.0 = Debug|Any CPU
		{D3C1B7FE-E5C4-4E77-A222-2C3EBB46D6C1}.Release|Any CPU.ActiveCfg = Release|Any CPU
		{D3C1B7FE-E5C4-4E77-A222-2C3EBB46D6C1}.Release|Any CPU.Build.0 = Release|Any CPU
	EndGlobalSection
	GlobalSection(SolutionProperties) = preSolution
		HideSolutionNode = FALSE
	EndGlobalSection
	GlobalSection(ExtensibilityGlobals) = postSolution
		SolutionGuid = {A52957D0-8411-4FBB-B24D-4A8280DCD2AA}
	EndGlobalSection
EndGlobal
