
Microsoft Visual Studio Solution File, Format Version 12.00
# Visual Studio Version 17
VisualStudioVersion = 17.1.32210.238
MinimumVisualStudioVersion = 10.0.40219.1
Project("{9A19103F-16F7-4668-BE54-9A1E7A4F7556}") = "WebCastFeed", "WebCastFeed.csproj", "{3CDF777E-83D6-4CD3-BE90-120456D6EA8D}"
EndProject
Project("{9A19103F-16F7-4668-BE54-9A1E7A4F7556}") = "Xiugou.Entities", "..\..\Assemblies\Xiugou.Entities\Xiugou.Entities.csproj", "{ACF079A1-9D76-49CC-843B-9C5E8D2E66C9}"
EndProject
Global
	GlobalSection(SolutionConfigurationPlatforms) = preSolution
		Debug|Any CPU = Debug|Any CPU
		Release|Any CPU = Release|Any CPU
	EndGlobalSection
	GlobalSection(ProjectConfigurationPlatforms) = postSolution
		{3CDF777E-83D6-4CD3-BE90-120456D6EA8D}.Debug|Any CPU.ActiveCfg = Debug|Any CPU
		{3CDF777E-83D6-4CD3-BE90-120456D6EA8D}.Debug|Any CPU.Build.0 = Debug|Any CPU
		{3CDF777E-83D6-4CD3-BE90-120456D6EA8D}.Release|Any CPU.ActiveCfg = Release|Any CPU
		{3CDF777E-83D6-4CD3-BE90-120456D6EA8D}.Release|Any CPU.Build.0 = Release|Any CPU
		{ACF079A1-9D76-49CC-843B-9C5E8D2E66C9}.Debug|Any CPU.ActiveCfg = Debug|Any CPU
		{ACF079A1-9D76-49CC-843B-9C5E8D2E66C9}.Debug|Any CPU.Build.0 = Debug|Any CPU
		{ACF079A1-9D76-49CC-843B-9C5E8D2E66C9}.Release|Any CPU.ActiveCfg = Release|Any CPU
		{ACF079A1-9D76-49CC-843B-9C5E8D2E66C9}.Release|Any CPU.Build.0 = Release|Any CPU
	EndGlobalSection
	GlobalSection(SolutionProperties) = preSolution
		HideSolutionNode = FALSE
	EndGlobalSection
	GlobalSection(ExtensibilityGlobals) = postSolution
		SolutionGuid = {2040B6EC-D328-4D15-A2EB-B3B77AC7403B}
	EndGlobalSection
EndGlobal
