
Microsoft Visual Studio Solution File, Format Version 12.00
# Visual Studio Version 17
VisualStudioVersion = 17.1.32210.238
MinimumVisualStudioVersion = 10.0.40219.1
Project("{9A19103F-16F7-4668-BE54-9A1E7A4F7556}") = "MessageProcessor", "MessageProcessor.csproj", "{7E16D50D-30DF-4F16-BBBE-DE9032588B15}"
EndProject
Project("{9A19103F-16F7-4668-BE54-9A1E7A4F7556}") = "Xiugou.Entities", "..\..\Assemblies\Xiugou.Entities\Xiugou.Entities.csproj", "{691900E7-7635-4EA3-AC60-0E7E8026B610}"
EndProject
Global
	GlobalSection(SolutionConfigurationPlatforms) = preSolution
		Debug|Any CPU = Debug|Any CPU
		Release|Any CPU = Release|Any CPU
	EndGlobalSection
	GlobalSection(ProjectConfigurationPlatforms) = postSolution
		{7E16D50D-30DF-4F16-BBBE-DE9032588B15}.Debug|Any CPU.ActiveCfg = Debug|Any CPU
		{7E16D50D-30DF-4F16-BBBE-DE9032588B15}.Debug|Any CPU.Build.0 = Debug|Any CPU
		{7E16D50D-30DF-4F16-BBBE-DE9032588B15}.Release|Any CPU.ActiveCfg = Release|Any CPU
		{7E16D50D-30DF-4F16-BBBE-DE9032588B15}.Release|Any CPU.Build.0 = Release|Any CPU
		{691900E7-7635-4EA3-AC60-0E7E8026B610}.Debug|Any CPU.ActiveCfg = Debug|Any CPU
		{691900E7-7635-4EA3-AC60-0E7E8026B610}.Debug|Any CPU.Build.0 = Debug|Any CPU
		{691900E7-7635-4EA3-AC60-0E7E8026B610}.Release|Any CPU.ActiveCfg = Release|Any CPU
		{691900E7-7635-4EA3-AC60-0E7E8026B610}.Release|Any CPU.Build.0 = Release|Any CPU
	EndGlobalSection
	GlobalSection(SolutionProperties) = preSolution
		HideSolutionNode = FALSE
	EndGlobalSection
	GlobalSection(ExtensibilityGlobals) = postSolution
		SolutionGuid = {88E98C34-FD52-459B-AD26-8B181AE66B68}
	EndGlobalSection
EndGlobal
